
Microsoft Visual Studio Solution File, Format Version 12.00
# Visual Studio Version 16
VisualStudioVersion = 16.0.31424.327
MinimumVisualStudioVersion = 10.0.40219.1
Project("{FAE04EC0-301F-11D3-BF4B-00C04F79EFBC}") = "GameOfLife_AlexKing", "GameOfLife_AlexKing\GameOfLife_AlexKing.csproj", "{0779A923-B8E7-475D-9E98-2016EE655445}"
EndProject
Global
	GlobalSection(SolutionConfigurationPlatforms) = preSolution
		Debug|Any CPU = Debug|Any CPU
		Release|Any CPU = Release|Any CPU
	EndGlobalSection
	GlobalSection(ProjectConfigurationPlatforms) = postSolution
		{0779A923-B8E7-475D-9E98-2016EE655445}.Debug|Any CPU.ActiveCfg = Debug|Any CPU
		{0779A923-B8E7-475D-9E98-2016EE655445}.Debug|Any CPU.Build.0 = Debug|Any CPU
		{0779A923-B8E7-475D-9E98-2016EE655445}.Release|Any CPU.ActiveCfg = Release|Any CPU
		{0779A923-B8E7-475D-9E98-2016EE655445}.Release|Any CPU.Build.0 = Release|Any CPU
	EndGlobalSection
	GlobalSection(SolutionProperties) = preSolution
		HideSolutionNode = FALSE
	EndGlobalSection
	GlobalSection(ExtensibilityGlobals) = postSolution
		SolutionGuid = {727FE199-90A1-4481-8B5F-A8CA936702D2}
	EndGlobalSection
EndGlobal
